
Microsoft Visual Studio Solution File, Format Version 12.00
# Visual Studio Version 17
VisualStudioVersion = 17.12.35527.113
MinimumVisualStudioVersion = 10.0.40219.1
Project("{FAE04EC0-301F-11D3-BF4B-00C04F79EFBC}") = "Ders1", "Ders1\Ders1.csproj", "{0D89AF69-5BAA-497E-BDFA-67DA08905C51}"
EndProject
Project("{FAE04EC0-301F-11D3-BF4B-00C04F79EFBC}") = "Ders2", "Ders2\Ders2.csproj", "{1FD2DD8F-BD43-4468-9E50-F11A4E069343}"
EndProject
Project("{FAE04EC0-301F-11D3-BF4B-00C04F79EFBC}") = "Ders3", "Ders3\Ders3.csproj", "{B11958E2-28D8-4599-8396-560EA792A6FC}"
EndProject
Project("{FAE04EC0-301F-11D3-BF4B-00C04F79EFBC}") = "Ders4", "Ders4\Ders4.csproj", "{3C8F153F-0C85-4437-9517-DCA1ACAAFF3F}"
EndProject
Project("{FAE04EC0-301F-11D3-BF4B-00C04F79EFBC}") = "Ders5", "Ders5\Ders5.csproj", "{3694006C-8A64-4AE1-941D-7EBA5E6AF531}"
EndProject
Project("{FAE04EC0-301F-11D3-BF4B-00C04F79EFBC}") = "Ders6", "Ders6\Ders6.csproj", "{9B14201B-2C98-458D-AFA4-868D33648D6D}"
EndProject
Project("{FAE04EC0-301F-11D3-BF4B-00C04F79EFBC}") = "Ders7", "Ders7\Ders7.csproj", "{7529AFF7-6D73-4D57-99F3-2C0FE1CD8CF6}"
EndProject
Project("{FAE04EC0-301F-11D3-BF4B-00C04F79EFBC}") = "Ders8", "Ders8\Ders8.csproj", "{98717531-C457-4F3A-9390-F4D7929C5EE5}"
EndProject
Global
	GlobalSection(SolutionConfigurationPlatforms) = preSolution
		Debug|Any CPU = Debug|Any CPU
		Release|Any CPU = Release|Any CPU
	EndGlobalSection
	GlobalSection(ProjectConfigurationPlatforms) = postSolution
		{0D89AF69-5BAA-497E-BDFA-67DA08905C51}.Debug|Any CPU.ActiveCfg = Debug|Any CPU
		{0D89AF69-5BAA-497E-BDFA-67DA08905C51}.Debug|Any CPU.Build.0 = Debug|Any CPU
		{0D89AF69-5BAA-497E-BDFA-67DA08905C51}.Release|Any CPU.ActiveCfg = Release|Any CPU
		{0D89AF69-5BAA-497E-BDFA-67DA08905C51}.Release|Any CPU.Build.0 = Release|Any CPU
		{1FD2DD8F-BD43-4468-9E50-F11A4E069343}.Debug|Any CPU.ActiveCfg = Debug|Any CPU
		{1FD2DD8F-BD43-4468-9E50-F11A4E069343}.Debug|Any CPU.Build.0 = Debug|Any CPU
		{1FD2DD8F-BD43-4468-9E50-F11A4E069343}.Release|Any CPU.ActiveCfg = Release|Any CPU
		{1FD2DD8F-BD43-4468-9E50-F11A4E069343}.Release|Any CPU.Build.0 = Release|Any CPU
		{B11958E2-28D8-4599-8396-560EA792A6FC}.Debug|Any CPU.ActiveCfg = Debug|Any CPU
		{B11958E2-28D8-4599-8396-560EA792A6FC}.Debug|Any CPU.Build.0 = Debug|Any CPU
		{B11958E2-28D8-4599-8396-560EA792A6FC}.Release|Any CPU.ActiveCfg = Release|Any CPU
		{B11958E2-28D8-4599-8396-560EA792A6FC}.Release|Any CPU.Build.0 = Release|Any CPU
		{3C8F153F-0C85-4437-9517-DCA1ACAAFF3F}.Debug|Any CPU.ActiveCfg = Debug|Any CPU
		{3C8F153F-0C85-4437-9517-DCA1ACAAFF3F}.Debug|Any CPU.Build.0 = Debug|Any CPU
		{3C8F153F-0C85-4437-9517-DCA1ACAAFF3F}.Release|Any CPU.ActiveCfg = Release|Any CPU
		{3C8F153F-0C85-4437-9517-DCA1ACAAFF3F}.Release|Any CPU.Build.0 = Release|Any CPU
		{3694006C-8A64-4AE1-941D-7EBA5E6AF531}.Debug|Any CPU.ActiveCfg = Debug|Any CPU
		{3694006C-8A64-4AE1-941D-7EBA5E6AF531}.Debug|Any CPU.Build.0 = Debug|Any CPU
		{3694006C-8A64-4AE1-941D-7EBA5E6AF531}.Release|Any CPU.ActiveCfg = Release|Any CPU
		{3694006C-8A64-4AE1-941D-7EBA5E6AF531}.Release|Any CPU.Build.0 = Release|Any CPU
		{9B14201B-2C98-458D-AFA4-868D33648D6D}.Debug|Any CPU.ActiveCfg = Debug|Any CPU
		{9B14201B-2C98-458D-AFA4-868D33648D6D}.Debug|Any CPU.Build.0 = Debug|Any CPU
		{9B14201B-2C98-458D-AFA4-868D33648D6D}.Release|Any CPU.ActiveCfg = Release|Any CPU
		{9B14201B-2C98-458D-AFA4-868D33648D6D}.Release|Any CPU.Build.0 = Release|Any CPU
		{7529AFF7-6D73-4D57-99F3-2C0FE1CD8CF6}.Debug|Any CPU.ActiveCfg = Debug|Any CPU
		{7529AFF7-6D73-4D57-99F3-2C0FE1CD8CF6}.Debug|Any CPU.Build.0 = Debug|Any CPU
		{7529AFF7-6D73-4D57-99F3-2C0FE1CD8CF6}.Release|Any CPU.ActiveCfg = Release|Any CPU
		{7529AFF7-6D73-4D57-99F3-2C0FE1CD8CF6}.Release|Any CPU.Build.0 = Release|Any CPU
		{98717531-C457-4F3A-9390-F4D7929C5EE5}.Debug|Any CPU.ActiveCfg = Debug|Any CPU
		{98717531-C457-4F3A-9390-F4D7929C5EE5}.Debug|Any CPU.Build.0 = Debug|Any CPU
		{98717531-C457-4F3A-9390-F4D7929C5EE5}.Release|Any CPU.ActiveCfg = Release|Any CPU
		{98717531-C457-4F3A-9390-F4D7929C5EE5}.Release|Any CPU.Build.0 = Release|Any CPU
	EndGlobalSection
	GlobalSection(SolutionProperties) = preSolution
		HideSolutionNode = FALSE
	EndGlobalSection
EndGlobal
