
Microsoft Visual Studio Solution File, Format Version 12.00
# Visual Studio Version 17
VisualStudioVersion = 17.12.35527.113
MinimumVisualStudioVersion = 10.0.40219.1
Project("{FAE04EC0-301F-11D3-BF4B-00C04F79EFBC}") = "Ders1", "Ders1\Ders1.csproj", "{0D89AF69-5BAA-497E-BDFA-67DA08905C51}"
EndProject
Project("{FAE04EC0-301F-11D3-BF4B-00C04F79EFBC}") = "Ders2", "Ders2\Ders2.csproj", "{1FD2DD8F-BD43-4468-9E50-F11A4E069343}"
EndProject
Project("{FAE04EC0-301F-11D3-BF4B-00C04F79EFBC}") = "Ders3", "Ders3\Ders3.csproj", "{B11958E2-28D8-4599-8396-560EA792A6FC}"
EndProject
Project("{FAE04EC0-301F-11D3-BF4B-00C04F79EFBC}") = "Ders4", "Ders4\Ders4.csproj", "{3C8F153F-0C85-4437-9517-DCA1ACAAFF3F}"
EndProject
Project("{FAE04EC0-301F-11D3-BF4B-00C04F79EFBC}") = "Ders5", "Ders5\Ders5.csproj", "{3694006C-8A64-4AE1-941D-7EBA5E6AF531}"
EndProject
Project("{FAE04EC0-301F-11D3-BF4B-00C04F79EFBC}") = "Ders6", "Ders6\Ders6.csproj", "{9B14201B-2C98-458D-AFA4-868D33648D6D}"
EndProject
Project("{FAE04EC0-301F-11D3-BF4B-00C04F79EFBC}") = "Ders7", "Ders7\Ders7.csproj", "{7529AFF7-6D73-4D57-99F3-2C0FE1CD8CF6}"
EndProject
Project("{FAE04EC0-301F-11D3-BF4B-00C04F79EFBC}") = "Ders8", "Ders8\Ders8.csproj", "{98717531-C457-4F3A-9390-F4D7929C5EE5}"
EndProject
Project("{FAE04EC0-301F-11D3-BF4B-00C04F79EFBC}") = "Ders9", "Ders9\Ders9.csproj", "{77B91326-7343-484B-8B46-8B88FB197F4A}"
EndProject
Project("{FAE04EC0-301F-11D3-BF4B-00C04F79EFBC}") = "Ders10", "Ders10\Ders10.csproj", "{0E7FAE33-8C5D-4F4A-A8F0-DC532E5C1394}"
EndProject
Project("{FAE04EC0-301F-11D3-BF4B-00C04F79EFBC}") = "Ders11", "Ders11\Ders11.csproj", "{8C851DE5-5B58-4A0C-9071-1F0F8F8D9E26}"
EndProject
Project("{FAE04EC0-301F-11D3-BF4B-00C04F79EFBC}") = "Ders12", "Ders12\Ders12.csproj", "{EE15D5F8-CD25-4761-8006-E74DA72CBC3E}"
EndProject
Project("{FAE04EC0-301F-11D3-BF4B-00C04F79EFBC}") = "Ders13", "Ders13\Ders13.csproj", "{3E3318D8-FF65-4D43-84BD-E5C7F8312A75}"
EndProject
Project("{FAE04EC0-301F-11D3-BF4B-00C04F79EFBC}") = "Ders14", "Ders14\Ders14.csproj", "{120B364B-712B-4D06-AC44-FAB8A329B1CC}"
EndProject
Project("{FAE04EC0-301F-11D3-BF4B-00C04F79EFBC}") = "Ders15", "Ders15\Ders15.csproj", "{39710124-4D6B-4101-BECC-1EB366375D08}"
EndProject
Project("{FAE04EC0-301F-11D3-BF4B-00C04F79EFBC}") = "Ders16", "Ders16\Ders16.csproj", "{250C39E0-A1F5-4C20-AFC0-5EBAF04234D1}"
EndProject
Project("{FAE04EC0-301F-11D3-BF4B-00C04F79EFBC}") = "Ders17", "Ders17\Ders17.csproj", "{515FD119-C3EB-44CE-99C5-B097ABD82AEF}"
EndProject
Project("{FAE04EC0-301F-11D3-BF4B-00C04F79EFBC}") = "Ders18", "Ders18\Ders18.csproj", "{D6384417-6F47-4DB6-AF3D-A1C2DD88CFE2}"
EndProject
Project("{FAE04EC0-301F-11D3-BF4B-00C04F79EFBC}") = "Ders19", "Ders19\Ders19.csproj", "{540D49E1-1DE4-4469-8F48-2690E13B006D}"
EndProject
Project("{FAE04EC0-301F-11D3-BF4B-00C04F79EFBC}") = "Ders20", "Ders20\Ders20.csproj", "{E3D5DCC4-B1BC-4EFD-B95D-216C5E171A42}"
EndProject
Project("{FAE04EC0-301F-11D3-BF4B-00C04F79EFBC}") = "Ders21", "Ders21\Ders21.csproj", "{ED147189-C16B-47F6-88AD-091A962F3FBB}"
EndProject
Project("{FAE04EC0-301F-11D3-BF4B-00C04F79EFBC}") = "Ders22", "Ders22\Ders22.csproj", "{5100881A-4272-4B31-B27B-6A1B5DCEA511}"
EndProject
Project("{FAE04EC0-301F-11D3-BF4B-00C04F79EFBC}") = "Ders23", "Ders23\Ders23.csproj", "{D5562C0E-349F-418A-9265-C4C97553960E}"
EndProject
Project("{FAE04EC0-301F-11D3-BF4B-00C04F79EFBC}") = "Ders24", "Ders24\Ders24.csproj", "{ABD5289D-2EE6-4E2A-9962-BB60BC640696}"
EndProject
Global
	GlobalSection(SolutionConfigurationPlatforms) = preSolution
		Debug|Any CPU = Debug|Any CPU
		Release|Any CPU = Release|Any CPU
	EndGlobalSection
	GlobalSection(ProjectConfigurationPlatforms) = postSolution
		{0D89AF69-5BAA-497E-BDFA-67DA08905C51}.Debug|Any CPU.ActiveCfg = Debug|Any CPU
		{0D89AF69-5BAA-497E-BDFA-67DA08905C51}.Debug|Any CPU.Build.0 = Debug|Any CPU
		{0D89AF69-5BAA-497E-BDFA-67DA08905C51}.Release|Any CPU.ActiveCfg = Release|Any CPU
		{0D89AF69-5BAA-497E-BDFA-67DA08905C51}.Release|Any CPU.Build.0 = Release|Any CPU
		{1FD2DD8F-BD43-4468-9E50-F11A4E069343}.Debug|Any CPU.ActiveCfg = Debug|Any CPU
		{1FD2DD8F-BD43-4468-9E50-F11A4E069343}.Debug|Any CPU.Build.0 = Debug|Any CPU
		{1FD2DD8F-BD43-4468-9E50-F11A4E069343}.Release|Any CPU.ActiveCfg = Release|Any CPU
		{1FD2DD8F-BD43-4468-9E50-F11A4E069343}.Release|Any CPU.Build.0 = Release|Any CPU
		{B11958E2-28D8-4599-8396-560EA792A6FC}.Debug|Any CPU.ActiveCfg = Debug|Any CPU
		{B11958E2-28D8-4599-8396-560EA792A6FC}.Debug|Any CPU.Build.0 = Debug|Any CPU
		{B11958E2-28D8-4599-8396-560EA792A6FC}.Release|Any CPU.ActiveCfg = Release|Any CPU
		{B11958E2-28D8-4599-8396-560EA792A6FC}.Release|Any CPU.Build.0 = Release|Any CPU
		{3C8F153F-0C85-4437-9517-DCA1ACAAFF3F}.Debug|Any CPU.ActiveCfg = Debug|Any CPU
		{3C8F153F-0C85-4437-9517-DCA1ACAAFF3F}.Debug|Any CPU.Build.0 = Debug|Any CPU
		{3C8F153F-0C85-4437-9517-DCA1ACAAFF3F}.Release|Any CPU.ActiveCfg = Release|Any CPU
		{3C8F153F-0C85-4437-9517-DCA1ACAAFF3F}.Release|Any CPU.Build.0 = Release|Any CPU
		{3694006C-8A64-4AE1-941D-7EBA5E6AF531}.Debug|Any CPU.ActiveCfg = Debug|Any CPU
		{3694006C-8A64-4AE1-941D-7EBA5E6AF531}.Debug|Any CPU.Build.0 = Debug|Any CPU
		{3694006C-8A64-4AE1-941D-7EBA5E6AF531}.Release|Any CPU.ActiveCfg = Release|Any CPU
		{3694006C-8A64-4AE1-941D-7EBA5E6AF531}.Release|Any CPU.Build.0 = Release|Any CPU
		{9B14201B-2C98-458D-AFA4-868D33648D6D}.Debug|Any CPU.ActiveCfg = Debug|Any CPU
		{9B14201B-2C98-458D-AFA4-868D33648D6D}.Debug|Any CPU.Build.0 = Debug|Any CPU
		{9B14201B-2C98-458D-AFA4-868D33648D6D}.Release|Any CPU.ActiveCfg = Release|Any CPU
		{9B14201B-2C98-458D-AFA4-868D33648D6D}.Release|Any CPU.Build.0 = Release|Any CPU
		{7529AFF7-6D73-4D57-99F3-2C0FE1CD8CF6}.Debug|Any CPU.ActiveCfg = Debug|Any CPU
		{7529AFF7-6D73-4D57-99F3-2C0FE1CD8CF6}.Debug|Any CPU.Build.0 = Debug|Any CPU
		{7529AFF7-6D73-4D57-99F3-2C0FE1CD8CF6}.Release|Any CPU.ActiveCfg = Release|Any CPU
		{7529AFF7-6D73-4D57-99F3-2C0FE1CD8CF6}.Release|Any CPU.Build.0 = Release|Any CPU
		{98717531-C457-4F3A-9390-F4D7929C5EE5}.Debug|Any CPU.ActiveCfg = Debug|Any CPU
		{98717531-C457-4F3A-9390-F4D7929C5EE5}.Debug|Any CPU.Build.0 = Debug|Any CPU
		{98717531-C457-4F3A-9390-F4D7929C5EE5}.Release|Any CPU.ActiveCfg = Release|Any CPU
		{98717531-C457-4F3A-9390-F4D7929C5EE5}.Release|Any CPU.Build.0 = Release|Any CPU
		{77B91326-7343-484B-8B46-8B88FB197F4A}.Debug|Any CPU.ActiveCfg = Debug|Any CPU
		{77B91326-7343-484B-8B46-8B88FB197F4A}.Debug|Any CPU.Build.0 = Debug|Any CPU
		{77B91326-7343-484B-8B46-8B88FB197F4A}.Release|Any CPU.ActiveCfg = Release|Any CPU
		{77B91326-7343-484B-8B46-8B88FB197F4A}.Release|Any CPU.Build.0 = Release|Any CPU
		{0E7FAE33-8C5D-4F4A-A8F0-DC532E5C1394}.Debug|Any CPU.ActiveCfg = Debug|Any CPU
		{0E7FAE33-8C5D-4F4A-A8F0-DC532E5C1394}.Debug|Any CPU.Build.0 = Debug|Any CPU
		{0E7FAE33-8C5D-4F4A-A8F0-DC532E5C1394}.Release|Any CPU.ActiveCfg = Release|Any CPU
		{0E7FAE33-8C5D-4F4A-A8F0-DC532E5C1394}.Release|Any CPU.Build.0 = Release|Any CPU
		{8C851DE5-5B58-4A0C-9071-1F0F8F8D9E26}.Debug|Any CPU.ActiveCfg = Debug|Any CPU
		{8C851DE5-5B58-4A0C-9071-1F0F8F8D9E26}.Debug|Any CPU.Build.0 = Debug|Any CPU
		{8C851DE5-5B58-4A0C-9071-1F0F8F8D9E26}.Release|Any CPU.ActiveCfg = Release|Any CPU
		{8C851DE5-5B58-4A0C-9071-1F0F8F8D9E26}.Release|Any CPU.Build.0 = Release|Any CPU
		{EE15D5F8-CD25-4761-8006-E74DA72CBC3E}.Debug|Any CPU.ActiveCfg = Debug|Any CPU
		{EE15D5F8-CD25-4761-8006-E74DA72CBC3E}.Debug|Any CPU.Build.0 = Debug|Any CPU
		{EE15D5F8-CD25-4761-8006-E74DA72CBC3E}.Release|Any CPU.ActiveCfg = Release|Any CPU
		{EE15D5F8-CD25-4761-8006-E74DA72CBC3E}.Release|Any CPU.Build.0 = Release|Any CPU
		{3E3318D8-FF65-4D43-84BD-E5C7F8312A75}.Debug|Any CPU.ActiveCfg = Debug|Any CPU
		{3E3318D8-FF65-4D43-84BD-E5C7F8312A75}.Debug|Any CPU.Build.0 = Debug|Any CPU
		{3E3318D8-FF65-4D43-84BD-E5C7F8312A75}.Release|Any CPU.ActiveCfg = Release|Any CPU
		{3E3318D8-FF65-4D43-84BD-E5C7F8312A75}.Release|Any CPU.Build.0 = Release|Any CPU
		{120B364B-712B-4D06-AC44-FAB8A329B1CC}.Debug|Any CPU.ActiveCfg = Debug|Any CPU
		{120B364B-712B-4D06-AC44-FAB8A329B1CC}.Debug|Any CPU.Build.0 = Debug|Any CPU
		{120B364B-712B-4D06-AC44-FAB8A329B1CC}.Release|Any CPU.ActiveCfg = Release|Any CPU
		{120B364B-712B-4D06-AC44-FAB8A329B1CC}.Release|Any CPU.Build.0 = Release|Any CPU
		{39710124-4D6B-4101-BECC-1EB366375D08}.Debug|Any CPU.ActiveCfg = Debug|Any CPU
		{39710124-4D6B-4101-BECC-1EB366375D08}.Debug|Any CPU.Build.0 = Debug|Any CPU
		{39710124-4D6B-4101-BECC-1EB366375D08}.Release|Any CPU.ActiveCfg = Release|Any CPU
		{39710124-4D6B-4101-BECC-1EB366375D08}.Release|Any CPU.Build.0 = Release|Any CPU
		{250C39E0-A1F5-4C20-AFC0-5EBAF04234D1}.Debug|Any CPU.ActiveCfg = Debug|Any CPU
		{250C39E0-A1F5-4C20-AFC0-5EBAF04234D1}.Debug|Any CPU.Build.0 = Debug|Any CPU
		{250C39E0-A1F5-4C20-AFC0-5EBAF04234D1}.Release|Any CPU.ActiveCfg = Release|Any CPU
		{250C39E0-A1F5-4C20-AFC0-5EBAF04234D1}.Release|Any CPU.Build.0 = Release|Any CPU
		{515FD119-C3EB-44CE-99C5-B097ABD82AEF}.Debug|Any CPU.ActiveCfg = Debug|Any CPU
		{515FD119-C3EB-44CE-99C5-B097ABD82AEF}.Debug|Any CPU.Build.0 = Debug|Any CPU
		{515FD119-C3EB-44CE-99C5-B097ABD82AEF}.Release|Any CPU.ActiveCfg = Release|Any CPU
		{515FD119-C3EB-44CE-99C5-B097ABD82AEF}.Release|Any CPU.Build.0 = Release|Any CPU
		{D6384417-6F47-4DB6-AF3D-A1C2DD88CFE2}.Debug|Any CPU.ActiveCfg = Debug|Any CPU
		{D6384417-6F47-4DB6-AF3D-A1C2DD88CFE2}.Debug|Any CPU.Build.0 = Debug|Any CPU
		{D6384417-6F47-4DB6-AF3D-A1C2DD88CFE2}.Release|Any CPU.ActiveCfg = Release|Any CPU
		{D6384417-6F47-4DB6-AF3D-A1C2DD88CFE2}.Release|Any CPU.Build.0 = Release|Any CPU
		{540D49E1-1DE4-4469-8F48-2690E13B006D}.Debug|Any CPU.ActiveCfg = Debug|Any CPU
		{540D49E1-1DE4-4469-8F48-2690E13B006D}.Debug|Any CPU.Build.0 = Debug|Any CPU
		{540D49E1-1DE4-4469-8F48-2690E13B006D}.Release|Any CPU.ActiveCfg = Release|Any CPU
		{540D49E1-1DE4-4469-8F48-2690E13B006D}.Release|Any CPU.Build.0 = Release|Any CPU
		{E3D5DCC4-B1BC-4EFD-B95D-216C5E171A42}.Debug|Any CPU.ActiveCfg = Debug|Any CPU
		{E3D5DCC4-B1BC-4EFD-B95D-216C5E171A42}.Debug|Any CPU.Build.0 = Debug|Any CPU
		{E3D5DCC4-B1BC-4EFD-B95D-216C5E171A42}.Release|Any CPU.ActiveCfg = Release|Any CPU
		{E3D5DCC4-B1BC-4EFD-B95D-216C5E171A42}.Release|Any CPU.Build.0 = Release|Any CPU
		{ED147189-C16B-47F6-88AD-091A962F3FBB}.Debug|Any CPU.ActiveCfg = Debug|Any CPU
		{ED147189-C16B-47F6-88AD-091A962F3FBB}.Debug|Any CPU.Build.0 = Debug|Any CPU
		{ED147189-C16B-47F6-88AD-091A962F3FBB}.Release|Any CPU.ActiveCfg = Release|Any CPU
		{ED147189-C16B-47F6-88AD-091A962F3FBB}.Release|Any CPU.Build.0 = Release|Any CPU
		{5100881A-4272-4B31-B27B-6A1B5DCEA511}.Debug|Any CPU.ActiveCfg = Debug|Any CPU
		{5100881A-4272-4B31-B27B-6A1B5DCEA511}.Debug|Any CPU.Build.0 = Debug|Any CPU
		{5100881A-4272-4B31-B27B-6A1B5DCEA511}.Release|Any CPU.ActiveCfg = Release|Any CPU
		{5100881A-4272-4B31-B27B-6A1B5DCEA511}.Release|Any CPU.Build.0 = Release|Any CPU
		{D5562C0E-349F-418A-9265-C4C97553960E}.Debug|Any CPU.ActiveCfg = Debug|Any CPU
		{D5562C0E-349F-418A-9265-C4C97553960E}.Debug|Any CPU.Build.0 = Debug|Any CPU
		{D5562C0E-349F-418A-9265-C4C97553960E}.Release|Any CPU.ActiveCfg = Release|Any CPU
		{D5562C0E-349F-418A-9265-C4C97553960E}.Release|Any CPU.Build.0 = Release|Any CPU
		{ABD5289D-2EE6-4E2A-9962-BB60BC640696}.Debug|Any CPU.ActiveCfg = Debug|Any CPU
		{ABD5289D-2EE6-4E2A-9962-BB60BC640696}.Debug|Any CPU.Build.0 = Debug|Any CPU
		{ABD5289D-2EE6-4E2A-9962-BB60BC640696}.Release|Any CPU.ActiveCfg = Release|Any CPU
		{ABD5289D-2EE6-4E2A-9962-BB60BC640696}.Release|Any CPU.Build.0 = Release|Any CPU
	EndGlobalSection
	GlobalSection(SolutionProperties) = preSolution
		HideSolutionNode = FALSE
	EndGlobalSection
EndGlobal
